
Microsoft Visual Studio Solution File, Format Version 12.00
# Visual Studio Version 17
VisualStudioVersion = 17.0.31903.59
MinimumVisualStudioVersion = 10.0.40219.1
Project("{FAE04EC0-301F-11D3-BF4B-00C04F79EFBC}") = "CMPS.Maui", "CMPS.Maui\CMPS.Maui.csproj", "{417C2E2A-BE0F-4E7F-A2CB-005DA32E5FB6}"
EndProject
Project("{2150E333-8FDC-42A3-9474-1A3956D46DE8}") = "0_SharedKernel", "0_SharedKernel", "{4FC8F133-AA90-9591-D5C2-18CD0551665A}"
	ProjectSection(SolutionItems) = preProject
		Description.txt = Description.txt
	EndProjectSection
EndProject
Project("{FAE04EC0-301F-11D3-BF4B-00C04F79EFBC}") = "CMPS.SharedKernel", "CMPS.SharedKernel\CMPS.SharedKernel.csproj", "{6DF8B71D-C0ED-493D-8E22-09277E2C8BD0}"
EndProject
Project("{2150E333-8FDC-42A3-9474-1A3956D46DE8}") = "ProjectManagement", "ProjectManagement", "{6273515A-26E4-3FE3-FF0C-A77E78A468ED}"
	ProjectSection(SolutionItems) = preProject
		Description.txt = Description.txt
	EndProjectSection
EndProject
Project("{FAE04EC0-301F-11D3-BF4B-00C04F79EFBC}") = "CMPS.ProjectManagement.Domain", "CMPS.ProjectManagement.Domain\CMPS.ProjectManagement.Domain.csproj", "{771EB554-E030-4FBA-9761-348FC6EF4DA8}"
EndProject
Project("{FAE04EC0-301F-11D3-BF4B-00C04F79EFBC}") = "CMPS.ProjectManagement.Application", "CMPS.ProjectManagement.Application\CMPS.ProjectManagement.Application.csproj", "{D52C01F6-1C7F-45A5-8553-CEADDA82B7DD}"
EndProject
Project("{FAE04EC0-301F-11D3-BF4B-00C04F79EFBC}") = "CMPS.ProjectManagement.Infrastructure", "CMPS.ProjectManagement.Infrastructure\CMPS.ProjectManagement.Infrastructure.csproj", "{158A22EB-50AC-45F4-A2D4-EEA64F42ACD3}"
EndProject
Project("{2150E333-8FDC-42A3-9474-1A3956D46DE8}") = "Financials", "Financials", "{63C0BDB7-2FA0-60D9-5348-55658A1D3BAE}"
	ProjectSection(SolutionItems) = preProject
		Description.txt = Description.txt
	EndProjectSection
EndProject
Project("{FAE04EC0-301F-11D3-BF4B-00C04F79EFBC}") = "CMPS.Financials.Domain", "CMPS.Financials.Domain\CMPS.Financials.Domain.csproj", "{244D5CCD-68BE-4656-88E5-379BE42F7363}"
EndProject
Project("{FAE04EC0-301F-11D3-BF4B-00C04F79EFBC}") = "CMPS.Financials.Application", "CMPS.Financials.Application\CMPS.Financials.Application.csproj", "{AE4986B2-A437-4714-BBC6-7F91015009C8}"
EndProject
Project("{FAE04EC0-301F-11D3-BF4B-00C04F79EFBC}") = "CMPS.Financials.Infrastructure", "CMPS.Financials.Infrastructure\CMPS.Financials.Infrastructure.csproj", "{C09A3037-3A41-4874-A61D-666CE93F8519}"
EndProject
Project("{2150E333-8FDC-42A3-9474-1A3956D46DE8}") = "EstimatingAndResource", "EstimatingAndResource", "{E6E0BBAD-9966-6DCF-76A1-18776838FFD6}"
	ProjectSection(SolutionItems) = preProject
		Description.txt = Description.txt
	EndProjectSection
EndProject
Project("{FAE04EC0-301F-11D3-BF4B-00C04F79EFBC}") = "CMPS.EstimatingAndResource.Domain", "CMPS.EstimatingAndResource.Domain\CMPS.EstimatingAndResource.Domain.csproj", "{52E3D8CB-DF1A-407F-ACCD-5B1657852F91}"
EndProject
Project("{FAE04EC0-301F-11D3-BF4B-00C04F79EFBC}") = "CMPS.EstimatingAndResource.Application", "CMPS.EstimatingAndResource.Application\CMPS.EstimatingAndResource.Application.csproj", "{79EE457D-E4E2-442C-A506-C2C1AD7FFF05}"
EndProject
Project("{FAE04EC0-301F-11D3-BF4B-00C04F79EFBC}") = "CMPS.EstimatingAndResource.Infrastructure", "CMPS.EstimatingAndResource.Infrastructure\CMPS.EstimatingAndResource.Infrastructure.csproj", "{61298EC7-2BA2-40D8-B625-8FEBADC89304}"
EndProject
Project("{2150E333-8FDC-42A3-9474-1A3956D46DE8}") = "BimData", "BimData", "{CE7CC27F-EF84-FABB-4972-3DE5EBD94BB8}"
	ProjectSection(SolutionItems) = preProject
		Description.txt = Description.txt
	EndProjectSection
EndProject
Project("{FAE04EC0-301F-11D3-BF4B-00C04F79EFBC}") = "CMPS.BimData.Domain", "CMPS.BimData.Domain\CMPS.BimData.Domain.csproj", "{609E01CB-FFF3-4829-82F4-C389C247DA06}"
EndProject
Project("{FAE04EC0-301F-11D3-BF4B-00C04F79EFBC}") = "CMPS.BimData.Application", "CMPS.BimData.Application\CMPS.BimData.Application.csproj", "{DD007CE0-4831-498D-8536-AE8029DDF724}"
EndProject
Project("{FAE04EC0-301F-11D3-BF4B-00C04F79EFBC}") = "CMPS.BimData.Infrastructure", "CMPS.BimData.Infrastructure\CMPS.BimData.Infrastructure.csproj", "{1D41F34E-ECE2-47BB-B45C-DA13921A00E3}"
EndProject
Project("{2150E333-8FDC-42A3-9474-1A3956D46DE8}") = "Reporting", "Reporting", "{7E3B463F-4C55-B4D7-FA79-ADF7D77E220F}"
	ProjectSection(SolutionItems) = preProject
		Description.txt = Description.txt
	EndProjectSection
EndProject
Project("{FAE04EC0-301F-11D3-BF4B-00C04F79EFBC}") = "CMPS.Reporting.Domain", "CMPS.Reporting.Domain\CMPS.Reporting.Domain.csproj", "{B74C67D4-43CD-4C95-BCAC-741D35E6D728}"
EndProject
Project("{FAE04EC0-301F-11D3-BF4B-00C04F79EFBC}") = "CMPS.Reporting.Application", "CMPS.Reporting.Application\CMPS.Reporting.Application.csproj", "{2F77616A-96B3-4510-AF3F-8716E6184E92}"
EndProject
Project("{FAE04EC0-301F-11D3-BF4B-00C04F79EFBC}") = "CMPS.Reporting.Infrastructure", "CMPS.Reporting.Infrastructure\CMPS.Reporting.Infrastructure.csproj", "{62442054-9E18-4AB6-A6CA-D656C54F7CD0}"
EndProject
Project("{2150E333-8FDC-42A3-9474-1A3956D46DE8}") = "ActorsAndRoles", "ActorsAndRoles", "{5CFF49CB-FCFC-C39D-208B-9FED4CEE9D0D}"
	ProjectSection(SolutionItems) = preProject
		Description.txt = Description.txt
	EndProjectSection
EndProject
Project("{FAE04EC0-301F-11D3-BF4B-00C04F79EFBC}") = "CMPS.ActorsAndRoles.Domain", "CMPS.ActorsAndRoles.Domain\CMPS.ActorsAndRoles.Domain.csproj", "{F32AB313-683D-4AF2-A178-9F46F6432181}"
EndProject
Project("{FAE04EC0-301F-11D3-BF4B-00C04F79EFBC}") = "CMPS.ActorsAndRoles.Application", "CMPS.ActorsAndRoles.Application\CMPS.ActorsAndRoles.Application.csproj", "{C790436A-FC44-4B0F-9E00-C1CEE954CA2A}"
EndProject
Project("{FAE04EC0-301F-11D3-BF4B-00C04F79EFBC}") = "CMPS.ActorsAndRoles.Infrastructure", "CMPS.ActorsAndRoles.Infrastructure\CMPS.ActorsAndRoles.Infrastructure.csproj", "{4A6C5155-F5D1-4AE2-AE3E-36EB7D4CFAD8}"
EndProject
Project("{2150E333-8FDC-42A3-9474-1A3956D46DE8}") = "IdentityAndAccess", "IdentityAndAccess", "{A7C7ECE4-FF3C-2219-3664-0159FBFFC04A}"
	ProjectSection(SolutionItems) = preProject
		Description.txt = Description.txt
	EndProjectSection
EndProject
Project("{FAE04EC0-301F-11D3-BF4B-00C04F79EFBC}") = "CMPS.IdentityAndAccess.Domain", "CMPS.IdentityAndAccess.Domain\CMPS.IdentityAndAccess.Domain.csproj", "{45220582-8586-4E9A-AA20-D085B97938ED}"
EndProject
Project("{FAE04EC0-301F-11D3-BF4B-00C04F79EFBC}") = "CMPS.IdentityAndAccess.Application", "CMPS.IdentityAndAccess.Application\CMPS.IdentityAndAccess.Application.csproj", "{554F28F1-8C56-4877-B125-AF877B5F1A01}"
EndProject
Project("{FAE04EC0-301F-11D3-BF4B-00C04F79EFBC}") = "CMPS.IdentityAndAccess.Infrastructure", "CMPS.IdentityAndAccess.Infrastructure\CMPS.IdentityAndAccess.Infrastructure.csproj", "{EE454065-4619-4F46-AF7A-E31D4A109EE0}"
EndProject
Global
	GlobalSection(SolutionConfigurationPlatforms) = preSolution
		Debug|Any CPU = Debug|Any CPU
		Debug|x64 = Debug|x64
		Debug|x86 = Debug|x86
		Release|Any CPU = Release|Any CPU
		Release|x64 = Release|x64
		Release|x86 = Release|x86
	EndGlobalSection
	GlobalSection(ProjectConfigurationPlatforms) = postSolution
		{417C2E2A-BE0F-4E7F-A2CB-005DA32E5FB6}.Debug|Any CPU.ActiveCfg = Debug|Any CPU
		{417C2E2A-BE0F-4E7F-A2CB-005DA32E5FB6}.Debug|Any CPU.Build.0 = Debug|Any CPU
		{417C2E2A-BE0F-4E7F-A2CB-005DA32E5FB6}.Debug|Any CPU.Deploy.0 = Debug|Any CPU
		{417C2E2A-BE0F-4E7F-A2CB-005DA32E5FB6}.Debug|x64.ActiveCfg = Debug|Any CPU
		{417C2E2A-BE0F-4E7F-A2CB-005DA32E5FB6}.Debug|x64.Build.0 = Debug|Any CPU
		{417C2E2A-BE0F-4E7F-A2CB-005DA32E5FB6}.Debug|x86.ActiveCfg = Debug|Any CPU
		{417C2E2A-BE0F-4E7F-A2CB-005DA32E5FB6}.Debug|x86.Build.0 = Debug|Any CPU
		{417C2E2A-BE0F-4E7F-A2CB-005DA32E5FB6}.Release|Any CPU.ActiveCfg = Release|Any CPU
		{417C2E2A-BE0F-4E7F-A2CB-005DA32E5FB6}.Release|Any CPU.Build.0 = Release|Any CPU
		{417C2E2A-BE0F-4E7F-A2CB-005DA32E5FB6}.Release|x64.ActiveCfg = Release|Any CPU
		{417C2E2A-BE0F-4E7F-A2CB-005DA32E5FB6}.Release|x64.Build.0 = Release|Any CPU
		{417C2E2A-BE0F-4E7F-A2CB-005DA32E5FB6}.Release|x86.ActiveCfg = Release|Any CPU
		{417C2E2A-BE0F-4E7F-A2CB-005DA32E5FB6}.Release|x86.Build.0 = Release|Any CPU
		{6DF8B71D-C0ED-493D-8E22-09277E2C8BD0}.Debug|Any CPU.ActiveCfg = Debug|Any CPU
		{6DF8B71D-C0ED-493D-8E22-09277E2C8BD0}.Debug|Any CPU.Build.0 = Debug|Any CPU
		{6DF8B71D-C0ED-493D-8E22-09277E2C8BD0}.Debug|x64.ActiveCfg = Debug|Any CPU
		{6DF8B71D-C0ED-493D-8E22-09277E2C8BD0}.Debug|x64.Build.0 = Debug|Any CPU
		{6DF8B71D-C0ED-493D-8E22-09277E2C8BD0}.Debug|x86.ActiveCfg = Debug|Any CPU
		{6DF8B71D-C0ED-493D-8E22-09277E2C8BD0}.Debug|x86.Build.0 = Debug|Any CPU
		{6DF8B71D-C0ED-493D-8E22-09277E2C8BD0}.Release|Any CPU.ActiveCfg = Release|Any CPU
		{6DF8B71D-C0ED-493D-8E22-09277E2C8BD0}.Release|Any CPU.Build.0 = Release|Any CPU
		{6DF8B71D-C0ED-493D-8E22-09277E2C8BD0}.Release|x64.ActiveCfg = Release|Any CPU
		{6DF8B71D-C0ED-493D-8E22-09277E2C8BD0}.Release|x64.Build.0 = Release|Any CPU
		{6DF8B71D-C0ED-493D-8E22-09277E2C8BD0}.Release|x86.ActiveCfg = Release|Any CPU
		{6DF8B71D-C0ED-493D-8E22-09277E2C8BD0}.Release|x86.Build.0 = Release|Any CPU
		{771EB554-E030-4FBA-9761-348FC6EF4DA8}.Debug|Any CPU.ActiveCfg = Debug|Any CPU
		{771EB554-E030-4FBA-9761-348FC6EF4DA8}.Debug|Any CPU.Build.0 = Debug|Any CPU
		{771EB554-E030-4FBA-9761-348FC6EF4DA8}.Debug|x64.ActiveCfg = Debug|Any CPU
		{771EB554-E030-4FBA-9761-348FC6EF4DA8}.Debug|x64.Build.0 = Debug|Any CPU
		{771EB554-E030-4FBA-9761-348FC6EF4DA8}.Debug|x86.ActiveCfg = Debug|Any CPU
		{771EB554-E030-4FBA-9761-348FC6EF4DA8}.Debug|x86.Build.0 = Debug|Any CPU
		{771EB554-E030-4FBA-9761-348FC6EF4DA8}.Release|Any CPU.ActiveCfg = Release|Any CPU
		{771EB554-E030-4FBA-9761-348FC6EF4DA8}.Release|Any CPU.Build.0 = Release|Any CPU
		{771EB554-E030-4FBA-9761-348FC6EF4DA8}.Release|x64.ActiveCfg = Release|Any CPU
		{771EB554-E030-4FBA-9761-348FC6EF4DA8}.Release|x64.Build.0 = Release|Any CPU
		{771EB554-E030-4FBA-9761-348FC6EF4DA8}.Release|x86.ActiveCfg = Release|Any CPU
		{771EB554-E030-4FBA-9761-348FC6EF4DA8}.Release|x86.Build.0 = Release|Any CPU
		{D52C01F6-1C7F-45A5-8553-CEADDA82B7DD}.Debug|Any CPU.ActiveCfg = Debug|Any CPU
		{D52C01F6-1C7F-45A5-8553-CEADDA82B7DD}.Debug|Any CPU.Build.0 = Debug|Any CPU
		{D52C01F6-1C7F-45A5-8553-CEADDA82B7DD}.Debug|x64.ActiveCfg = Debug|Any CPU
		{D52C01F6-1C7F-45A5-8553-CEADDA82B7DD}.Debug|x64.Build.0 = Debug|Any CPU
		{D52C01F6-1C7F-45A5-8553-CEADDA82B7DD}.Debug|x86.ActiveCfg = Debug|Any CPU
		{D52C01F6-1C7F-45A5-8553-CEADDA82B7DD}.Debug|x86.Build.0 = Debug|Any CPU
		{D52C01F6-1C7F-45A5-8553-CEADDA82B7DD}.Release|Any CPU.ActiveCfg = Release|Any CPU
		{D52C01F6-1C7F-45A5-8553-CEADDA82B7DD}.Release|Any CPU.Build.0 = Release|Any CPU
		{D52C01F6-1C7F-45A5-8553-CEADDA82B7DD}.Release|x64.ActiveCfg = Release|Any CPU
		{D52C01F6-1C7F-45A5-8553-CEADDA82B7DD}.Release|x64.Build.0 = Release|Any CPU
		{D52C01F6-1C7F-45A5-8553-CEADDA82B7DD}.Release|x86.ActiveCfg = Release|Any CPU
		{D52C01F6-1C7F-45A5-8553-CEADDA82B7DD}.Release|x86.Build.0 = Release|Any CPU
		{158A22EB-50AC-45F4-A2D4-EEA64F42ACD3}.Debug|Any CPU.ActiveCfg = Debug|Any CPU
		{158A22EB-50AC-45F4-A2D4-EEA64F42ACD3}.Debug|Any CPU.Build.0 = Debug|Any CPU
		{158A22EB-50AC-45F4-A2D4-EEA64F42ACD3}.Debug|x64.ActiveCfg = Debug|Any CPU
		{158A22EB-50AC-45F4-A2D4-EEA64F42ACD3}.Debug|x64.Build.0 = Debug|Any CPU
		{158A22EB-50AC-45F4-A2D4-EEA64F42ACD3}.Debug|x86.ActiveCfg = Debug|Any CPU
		{158A22EB-50AC-45F4-A2D4-EEA64F42ACD3}.Debug|x86.Build.0 = Debug|Any CPU
		{158A22EB-50AC-45F4-A2D4-EEA64F42ACD3}.Release|Any CPU.ActiveCfg = Release|Any CPU
		{158A22EB-50AC-45F4-A2D4-EEA64F42ACD3}.Release|Any CPU.Build.0 = Release|Any CPU
		{158A22EB-50AC-45F4-A2D4-EEA64F42ACD3}.Release|x64.ActiveCfg = Release|Any CPU
		{158A22EB-50AC-45F4-A2D4-EEA64F42ACD3}.Release|x64.Build.0 = Release|Any CPU
		{158A22EB-50AC-45F4-A2D4-EEA64F42ACD3}.Release|x86.ActiveCfg = Release|Any CPU
		{158A22EB-50AC-45F4-A2D4-EEA64F42ACD3}.Release|x86.Build.0 = Release|Any CPU
		{244D5CCD-68BE-4656-88E5-379BE42F7363}.Debug|Any CPU.ActiveCfg = Debug|Any CPU
		{244D5CCD-68BE-4656-88E5-379BE42F7363}.Debug|Any CPU.Build.0 = Debug|Any CPU
		{244D5CCD-68BE-4656-88E5-379BE42F7363}.Debug|x64.ActiveCfg = Debug|Any CPU
		{244D5CCD-68BE-4656-88E5-379BE42F7363}.Debug|x64.Build.0 = Debug|Any CPU
		{244D5CCD-68BE-4656-88E5-379BE42F7363}.Debug|x86.ActiveCfg = Debug|Any CPU
		{244D5CCD-68BE-4656-88E5-379BE42F7363}.Debug|x86.Build.0 = Debug|Any CPU
		{244D5CCD-68BE-4656-88E5-379BE42F7363}.Release|Any CPU.ActiveCfg = Release|Any CPU
		{244D5CCD-68BE-4656-88E5-379BE42F7363}.Release|Any CPU.Build.0 = Release|Any CPU
		{244D5CCD-68BE-4656-88E5-379BE42F7363}.Release|x64.ActiveCfg = Release|Any CPU
		{244D5CCD-68BE-4656-88E5-379BE42F7363}.Release|x64.Build.0 = Release|Any CPU
		{244D5CCD-68BE-4656-88E5-379BE42F7363}.Release|x86.ActiveCfg = Release|Any CPU
		{244D5CCD-68BE-4656-88E5-379BE42F7363}.Release|x86.Build.0 = Release|Any CPU
		{AE4986B2-A437-4714-BBC6-7F91015009C8}.Debug|Any CPU.ActiveCfg = Debug|Any CPU
		{AE4986B2-A437-4714-BBC6-7F91015009C8}.Debug|Any CPU.Build.0 = Debug|Any CPU
		{AE4986B2-A437-4714-BBC6-7F91015009C8}.Debug|x64.ActiveCfg = Debug|Any CPU
		{AE4986B2-A437-4714-BBC6-7F91015009C8}.Debug|x64.Build.0 = Debug|Any CPU
		{AE4986B2-A437-4714-BBC6-7F91015009C8}.Debug|x86.ActiveCfg = Debug|Any CPU
		{AE4986B2-A437-4714-BBC6-7F91015009C8}.Debug|x86.Build.0 = Debug|Any CPU
		{AE4986B2-A437-4714-BBC6-7F91015009C8}.Release|Any CPU.ActiveCfg = Release|Any CPU
		{AE4986B2-A437-4714-BBC6-7F91015009C8}.Release|Any CPU.Build.0 = Release|Any CPU
		{AE4986B2-A437-4714-BBC6-7F91015009C8}.Release|x64.ActiveCfg = Release|Any CPU
		{AE4986B2-A437-4714-BBC6-7F91015009C8}.Release|x64.Build.0 = Release|Any CPU
		{AE4986B2-A437-4714-BBC6-7F91015009C8}.Release|x86.ActiveCfg = Release|Any CPU
		{AE4986B2-A437-4714-BBC6-7F91015009C8}.Release|x86.Build.0 = Release|Any CPU
		{C09A3037-3A41-4874-A61D-666CE93F8519}.Debug|Any CPU.ActiveCfg = Debug|Any CPU
		{C09A3037-3A41-4874-A61D-666CE93F8519}.Debug|Any CPU.Build.0 = Debug|Any CPU
		{C09A3037-3A41-4874-A61D-666CE93F8519}.Debug|x64.ActiveCfg = Debug|Any CPU
		{C09A3037-3A41-4874-A61D-666CE93F8519}.Debug|x64.Build.0 = Debug|Any CPU
		{C09A3037-3A41-4874-A61D-666CE93F8519}.Debug|x86.ActiveCfg = Debug|Any CPU
		{C09A3037-3A41-4874-A61D-666CE93F8519}.Debug|x86.Build.0 = Debug|Any CPU
		{C09A3037-3A41-4874-A61D-666CE93F8519}.Release|Any CPU.ActiveCfg = Release|Any CPU
		{C09A3037-3A41-4874-A61D-666CE93F8519}.Release|Any CPU.Build.0 = Release|Any CPU
		{C09A3037-3A41-4874-A61D-666CE93F8519}.Release|x64.ActiveCfg = Release|Any CPU
		{C09A3037-3A41-4874-A61D-666CE93F8519}.Release|x64.Build.0 = Release|Any CPU
		{C09A3037-3A41-4874-A61D-666CE93F8519}.Release|x86.ActiveCfg = Release|Any CPU
		{C09A3037-3A41-4874-A61D-666CE93F8519}.Release|x86.Build.0 = Release|Any CPU
		{52E3D8CB-DF1A-407F-ACCD-5B1657852F91}.Debug|Any CPU.ActiveCfg = Debug|Any CPU
		{52E3D8CB-DF1A-407F-ACCD-5B1657852F91}.Debug|Any CPU.Build.0 = Debug|Any CPU
		{52E3D8CB-DF1A-407F-ACCD-5B1657852F91}.Debug|x64.ActiveCfg = Debug|Any CPU
		{52E3D8CB-DF1A-407F-ACCD-5B1657852F91}.Debug|x64.Build.0 = Debug|Any CPU
		{52E3D8CB-DF1A-407F-ACCD-5B1657852F91}.Debug|x86.ActiveCfg = Debug|Any CPU
		{52E3D8CB-DF1A-407F-ACCD-5B1657852F91}.Debug|x86.Build.0 = Debug|Any CPU
		{52E3D8CB-DF1A-407F-ACCD-5B1657852F91}.Release|Any CPU.ActiveCfg = Release|Any CPU
		{52E3D8CB-DF1A-407F-ACCD-5B1657852F91}.Release|Any CPU.Build.0 = Release|Any CPU
		{52E3D8CB-DF1A-407F-ACCD-5B1657852F91}.Release|x64.ActiveCfg = Release|Any CPU
		{52E3D8CB-DF1A-407F-ACCD-5B1657852F91}.Release|x64.Build.0 = Release|Any CPU
		{52E3D8CB-DF1A-407F-ACCD-5B1657852F91}.Release|x86.ActiveCfg = Release|Any CPU
		{52E3D8CB-DF1A-407F-ACCD-5B1657852F91}.Release|x86.Build.0 = Release|Any CPU
		{79EE457D-E4E2-442C-A506-C2C1AD7FFF05}.Debug|Any CPU.ActiveCfg = Debug|Any CPU
		{79EE457D-E4E2-442C-A506-C2C1AD7FFF05}.Debug|Any CPU.Build.0 = Debug|Any CPU
		{79EE457D-E4E2-442C-A506-C2C1AD7FFF05}.Debug|x64.ActiveCfg = Debug|Any CPU
		{79EE457D-E4E2-442C-A506-C2C1AD7FFF05}.Debug|x64.Build.0 = Debug|Any CPU
		{79EE457D-E4E2-442C-A506-C2C1AD7FFF05}.Debug|x86.ActiveCfg = Debug|Any CPU
		{79EE457D-E4E2-442C-A506-C2C1AD7FFF05}.Debug|x86.Build.0 = Debug|Any CPU
		{79EE457D-E4E2-442C-A506-C2C1AD7FFF05}.Release|Any CPU.ActiveCfg = Release|Any CPU
		{79EE457D-E4E2-442C-A506-C2C1AD7FFF05}.Release|Any CPU.Build.0 = Release|Any CPU
		{79EE457D-E4E2-442C-A506-C2C1AD7FFF05}.Release|x64.ActiveCfg = Release|Any CPU
		{79EE457D-E4E2-442C-A506-C2C1AD7FFF05}.Release|x64.Build.0 = Release|Any CPU
		{79EE457D-E4E2-442C-A506-C2C1AD7FFF05}.Release|x86.ActiveCfg = Release|Any CPU
		{79EE457D-E4E2-442C-A506-C2C1AD7FFF05}.Release|x86.Build.0 = Release|Any CPU
		{61298EC7-2BA2-40D8-B625-8FEBADC89304}.Debug|Any CPU.ActiveCfg = Debug|Any CPU
		{61298EC7-2BA2-40D8-B625-8FEBADC89304}.Debug|Any CPU.Build.0 = Debug|Any CPU
		{61298EC7-2BA2-40D8-B625-8FEBADC89304}.Debug|x64.ActiveCfg = Debug|Any CPU
		{61298EC7-2BA2-40D8-B625-8FEBADC89304}.Debug|x64.Build.0 = Debug|Any CPU
		{61298EC7-2BA2-40D8-B625-8FEBADC89304}.Debug|x86.ActiveCfg = Debug|Any CPU
		{61298EC7-2BA2-40D8-B625-8FEBADC89304}.Debug|x86.Build.0 = Debug|Any CPU
		{61298EC7-2BA2-40D8-B625-8FEBADC89304}.Release|Any CPU.ActiveCfg = Release|Any CPU
		{61298EC7-2BA2-40D8-B625-8FEBADC89304}.Release|Any CPU.Build.0 = Release|Any CPU
		{61298EC7-2BA2-40D8-B625-8FEBADC89304}.Release|x64.ActiveCfg = Release|Any CPU
		{61298EC7-2BA2-40D8-B625-8FEBADC89304}.Release|x64.Build.0 = Release|Any CPU
		{61298EC7-2BA2-40D8-B625-8FEBADC89304}.Release|x86.ActiveCfg = Release|Any CPU
		{61298EC7-2BA2-40D8-B625-8FEBADC89304}.Release|x86.Build.0 = Release|Any CPU
		{609E01CB-FFF3-4829-82F4-C389C247DA06}.Debug|Any CPU.ActiveCfg = Debug|Any CPU
		{609E01CB-FFF3-4829-82F4-C389C247DA06}.Debug|Any CPU.Build.0 = Debug|Any CPU
		{609E01CB-FFF3-4829-82F4-C389C247DA06}.Debug|x64.ActiveCfg = Debug|Any CPU
		{609E01CB-FFF3-4829-82F4-C389C247DA06}.Debug|x64.Build.0 = Debug|Any CPU
		{609E01CB-FFF3-4829-82F4-C389C247DA06}.Debug|x86.ActiveCfg = Debug|Any CPU
		{609E01CB-FFF3-4829-82F4-C389C247DA06}.Debug|x86.Build.0 = Debug|Any CPU
		{609E01CB-FFF3-4829-82F4-C389C247DA06}.Release|Any CPU.ActiveCfg = Release|Any CPU
		{609E01CB-FFF3-4829-82F4-C389C247DA06}.Release|Any CPU.Build.0 = Release|Any CPU
		{609E01CB-FFF3-4829-82F4-C389C247DA06}.Release|x64.ActiveCfg = Release|Any CPU
		{609E01CB-FFF3-4829-82F4-C389C247DA06}.Release|x64.Build.0 = Release|Any CPU
		{609E01CB-FFF3-4829-82F4-C389C247DA06}.Release|x86.ActiveCfg = Release|Any CPU
		{609E01CB-FFF3-4829-82F4-C389C247DA06}.Release|x86.Build.0 = Release|Any CPU
		{DD007CE0-4831-498D-8536-AE8029DDF724}.Debug|Any CPU.ActiveCfg = Debug|Any CPU
		{DD007CE0-4831-498D-8536-AE8029DDF724}.Debug|Any CPU.Build.0 = Debug|Any CPU
		{DD007CE0-4831-498D-8536-AE8029DDF724}.Debug|x64.ActiveCfg = Debug|Any CPU
		{DD007CE0-4831-498D-8536-AE8029DDF724}.Debug|x64.Build.0 = Debug|Any CPU
		{DD007CE0-4831-498D-8536-AE8029DDF724}.Debug|x86.ActiveCfg = Debug|Any CPU
		{DD007CE0-4831-498D-8536-AE8029DDF724}.Debug|x86.Build.0 = Debug|Any CPU
		{DD007CE0-4831-498D-8536-AE8029DDF724}.Release|Any CPU.ActiveCfg = Release|Any CPU
		{DD007CE0-4831-498D-8536-AE8029DDF724}.Release|Any CPU.Build.0 = Release|Any CPU
		{DD007CE0-4831-498D-8536-AE8029DDF724}.Release|x64.ActiveCfg = Release|Any CPU
		{DD007CE0-4831-498D-8536-AE8029DDF724}.Release|x64.Build.0 = Release|Any CPU
		{DD007CE0-4831-498D-8536-AE8029DDF724}.Release|x86.ActiveCfg = Release|Any CPU
		{DD007CE0-4831-498D-8536-AE8029DDF724}.Release|x86.Build.0 = Release|Any CPU
		{1D41F34E-ECE2-47BB-B45C-DA13921A00E3}.Debug|Any CPU.ActiveCfg = Debug|Any CPU
		{1D41F34E-ECE2-47BB-B45C-DA13921A00E3}.Debug|Any CPU.Build.0 = Debug|Any CPU
		{1D41F34E-ECE2-47BB-B45C-DA13921A00E3}.Debug|x64.ActiveCfg = Debug|Any CPU
		{1D41F34E-ECE2-47BB-B45C-DA13921A00E3}.Debug|x64.Build.0 = Debug|Any CPU
		{1D41F34E-ECE2-47BB-B45C-DA13921A00E3}.Debug|x86.ActiveCfg = Debug|Any CPU
		{1D41F34E-ECE2-47BB-B45C-DA13921A00E3}.Debug|x86.Build.0 = Debug|Any CPU
		{1D41F34E-ECE2-47BB-B45C-DA13921A00E3}.Release|Any CPU.ActiveCfg = Release|Any CPU
		{1D41F34E-ECE2-47BB-B45C-DA13921A00E3}.Release|Any CPU.Build.0 = Release|Any CPU
		{1D41F34E-ECE2-47BB-B45C-DA13921A00E3}.Release|x64.ActiveCfg = Release|Any CPU
		{1D41F34E-ECE2-47BB-B45C-DA13921A00E3}.Release|x64.Build.0 = Release|Any CPU
		{1D41F34E-ECE2-47BB-B45C-DA13921A00E3}.Release|x86.ActiveCfg = Release|Any CPU
		{1D41F34E-ECE2-47BB-B45C-DA13921A00E3}.Release|x86.Build.0 = Release|Any CPU
		{B74C67D4-43CD-4C95-BCAC-741D35E6D728}.Debug|Any CPU.ActiveCfg = Debug|Any CPU
		{B74C67D4-43CD-4C95-BCAC-741D35E6D728}.Debug|Any CPU.Build.0 = Debug|Any CPU
		{B74C67D4-43CD-4C95-BCAC-741D35E6D728}.Debug|x64.ActiveCfg = Debug|Any CPU
		{B74C67D4-43CD-4C95-BCAC-741D35E6D728}.Debug|x64.Build.0 = Debug|Any CPU
		{B74C67D4-43CD-4C95-BCAC-741D35E6D728}.Debug|x86.ActiveCfg = Debug|Any CPU
		{B74C67D4-43CD-4C95-BCAC-741D35E6D728}.Debug|x86.Build.0 = Debug|Any CPU
		{B74C67D4-43CD-4C95-BCAC-741D35E6D728}.Release|Any CPU.ActiveCfg = Release|Any CPU
		{B74C67D4-43CD-4C95-BCAC-741D35E6D728}.Release|Any CPU.Build.0 = Release|Any CPU
		{B74C67D4-43CD-4C95-BCAC-741D35E6D728}.Release|x64.ActiveCfg = Release|Any CPU
		{B74C67D4-43CD-4C95-BCAC-741D35E6D728}.Release|x64.Build.0 = Release|Any CPU
		{B74C67D4-43CD-4C95-BCAC-741D35E6D728}.Release|x86.ActiveCfg = Release|Any CPU
		{B74C67D4-43CD-4C95-BCAC-741D35E6D728}.Release|x86.Build.0 = Release|Any CPU
		{2F77616A-96B3-4510-AF3F-8716E6184E92}.Debug|Any CPU.ActiveCfg = Debug|Any CPU
		{2F77616A-96B3-4510-AF3F-8716E6184E92}.Debug|Any CPU.Build.0 = Debug|Any CPU
		{2F77616A-96B3-4510-AF3F-8716E6184E92}.Debug|x64.ActiveCfg = Debug|Any CPU
		{2F77616A-96B3-4510-AF3F-8716E6184E92}.Debug|x64.Build.0 = Debug|Any CPU
		{2F77616A-96B3-4510-AF3F-8716E6184E92}.Debug|x86.ActiveCfg = Debug|Any CPU
		{2F77616A-96B3-4510-AF3F-8716E6184E92}.Debug|x86.Build.0 = Debug|Any CPU
		{2F77616A-96B3-4510-AF3F-8716E6184E92}.Release|Any CPU.ActiveCfg = Release|Any CPU
		{2F77616A-96B3-4510-AF3F-8716E6184E92}.Release|Any CPU.Build.0 = Release|Any CPU
		{2F77616A-96B3-4510-AF3F-8716E6184E92}.Release|x64.ActiveCfg = Release|Any CPU
		{2F77616A-96B3-4510-AF3F-8716E6184E92}.Release|x64.Build.0 = Release|Any CPU
		{2F77616A-96B3-4510-AF3F-8716E6184E92}.Release|x86.ActiveCfg = Release|Any CPU
		{2F77616A-96B3-4510-AF3F-8716E6184E92}.Release|x86.Build.0 = Release|Any CPU
		{62442054-9E18-4AB6-A6CA-D656C54F7CD0}.Debug|Any CPU.ActiveCfg = Debug|Any CPU
		{62442054-9E18-4AB6-A6CA-D656C54F7CD0}.Debug|Any CPU.Build.0 = Debug|Any CPU
		{62442054-9E18-4AB6-A6CA-D656C54F7CD0}.Debug|x64.ActiveCfg = Debug|Any CPU
		{62442054-9E18-4AB6-A6CA-D656C54F7CD0}.Debug|x64.Build.0 = Debug|Any CPU
		{62442054-9E18-4AB6-A6CA-D656C54F7CD0}.Debug|x86.ActiveCfg = Debug|Any CPU
		{62442054-9E18-4AB6-A6CA-D656C54F7CD0}.Debug|x86.Build.0 = Debug|Any CPU
		{62442054-9E18-4AB6-A6CA-D656C54F7CD0}.Release|Any CPU.ActiveCfg = Release|Any CPU
		{62442054-9E18-4AB6-A6CA-D656C54F7CD0}.Release|Any CPU.Build.0 = Release|Any CPU
		{62442054-9E18-4AB6-A6CA-D656C54F7CD0}.Release|x64.ActiveCfg = Release|Any CPU
		{62442054-9E18-4AB6-A6CA-D656C54F7CD0}.Release|x64.Build.0 = Release|Any CPU
		{62442054-9E18-4AB6-A6CA-D656C54F7CD0}.Release|x86.ActiveCfg = Release|Any CPU
		{62442054-9E18-4AB6-A6CA-D656C54F7CD0}.Release|x86.Build.0 = Release|Any CPU
		{F32AB313-683D-4AF2-A178-9F46F6432181}.Debug|Any CPU.ActiveCfg = Debug|Any CPU
		{F32AB313-683D-4AF2-A178-9F46F6432181}.Debug|Any CPU.Build.0 = Debug|Any CPU
		{F32AB313-683D-4AF2-A178-9F46F6432181}.Debug|x64.ActiveCfg = Debug|Any CPU
		{F32AB313-683D-4AF2-A178-9F46F6432181}.Debug|x64.Build.0 = Debug|Any CPU
		{F32AB313-683D-4AF2-A178-9F46F6432181}.Debug|x86.ActiveCfg = Debug|Any CPU
		{F32AB313-683D-4AF2-A178-9F46F6432181}.Debug|x86.Build.0 = Debug|Any CPU
		{F32AB313-683D-4AF2-A178-9F46F6432181}.Release|Any CPU.ActiveCfg = Release|Any CPU
		{F32AB313-683D-4AF2-A178-9F46F6432181}.Release|Any CPU.Build.0 = Release|Any CPU
		{F32AB313-683D-4AF2-A178-9F46F6432181}.Release|x64.ActiveCfg = Release|Any CPU
		{F32AB313-683D-4AF2-A178-9F46F6432181}.Release|x64.Build.0 = Release|Any CPU
		{F32AB313-683D-4AF2-A178-9F46F6432181}.Release|x86.ActiveCfg = Release|Any CPU
		{F32AB313-683D-4AF2-A178-9F46F6432181}.Release|x86.Build.0 = Release|Any CPU
		{C790436A-FC44-4B0F-9E00-C1CEE954CA2A}.Debug|Any CPU.ActiveCfg = Debug|Any CPU
		{C790436A-FC44-4B0F-9E00-C1CEE954CA2A}.Debug|Any CPU.Build.0 = Debug|Any CPU
		{C790436A-FC44-4B0F-9E00-C1CEE954CA2A}.Debug|x64.ActiveCfg = Debug|Any CPU
		{C790436A-FC44-4B0F-9E00-C1CEE954CA2A}.Debug|x64.Build.0 = Debug|Any CPU
		{C790436A-FC44-4B0F-9E00-C1CEE954CA2A}.Debug|x86.ActiveCfg = Debug|Any CPU
		{C790436A-FC44-4B0F-9E00-C1CEE954CA2A}.Debug|x86.Build.0 = Debug|Any CPU
		{C790436A-FC44-4B0F-9E00-C1CEE954CA2A}.Release|Any CPU.ActiveCfg = Release|Any CPU
		{C790436A-FC44-4B0F-9E00-C1CEE954CA2A}.Release|Any CPU.Build.0 = Release|Any CPU
		{C790436A-FC44-4B0F-9E00-C1CEE954CA2A}.Release|x64.ActiveCfg = Release|Any CPU
		{C790436A-FC44-4B0F-9E00-C1CEE954CA2A}.Release|x64.Build.0 = Release|Any CPU
		{C790436A-FC44-4B0F-9E00-C1CEE954CA2A}.Release|x86.ActiveCfg = Release|Any CPU
		{C790436A-FC44-4B0F-9E00-C1CEE954CA2A}.Release|x86.Build.0 = Release|Any CPU
		{4A6C5155-F5D1-4AE2-AE3E-36EB7D4CFAD8}.Debug|Any CPU.ActiveCfg = Debug|Any CPU
		{4A6C5155-F5D1-4AE2-AE3E-36EB7D4CFAD8}.Debug|Any CPU.Build.0 = Debug|Any CPU
		{4A6C5155-F5D1-4AE2-AE3E-36EB7D4CFAD8}.Debug|x64.ActiveCfg = Debug|Any CPU
		{4A6C5155-F5D1-4AE2-AE3E-36EB7D4CFAD8}.Debug|x64.Build.0 = Debug|Any CPU
		{4A6C5155-F5D1-4AE2-AE3E-36EB7D4CFAD8}.Debug|x86.ActiveCfg = Debug|Any CPU
		{4A6C5155-F5D1-4AE2-AE3E-36EB7D4CFAD8}.Debug|x86.Build.0 = Debug|Any CPU
		{4A6C5155-F5D1-4AE2-AE3E-36EB7D4CFAD8}.Release|Any CPU.ActiveCfg = Release|Any CPU
		{4A6C5155-F5D1-4AE2-AE3E-36EB7D4CFAD8}.Release|Any CPU.Build.0 = Release|Any CPU
		{4A6C5155-F5D1-4AE2-AE3E-36EB7D4CFAD8}.Release|x64.ActiveCfg = Release|Any CPU
		{4A6C5155-F5D1-4AE2-AE3E-36EB7D4CFAD8}.Release|x64.Build.0 = Release|Any CPU
		{4A6C5155-F5D1-4AE2-AE3E-36EB7D4CFAD8}.Release|x86.ActiveCfg = Release|Any CPU
		{4A6C5155-F5D1-4AE2-AE3E-36EB7D4CFAD8}.Release|x86.Build.0 = Release|Any CPU
		{45220582-8586-4E9A-AA20-D085B97938ED}.Debug|Any CPU.ActiveCfg = Debug|Any CPU
		{45220582-8586-4E9A-AA20-D085B97938ED}.Debug|Any CPU.Build.0 = Debug|Any CPU
		{45220582-8586-4E9A-AA20-D085B97938ED}.Debug|x64.ActiveCfg = Debug|Any CPU
		{45220582-8586-4E9A-AA20-D085B97938ED}.Debug|x64.Build.0 = Debug|Any CPU
		{45220582-8586-4E9A-AA20-D085B97938ED}.Debug|x86.ActiveCfg = Debug|Any CPU
		{45220582-8586-4E9A-AA20-D085B97938ED}.Debug|x86.Build.0 = Debug|Any CPU
		{45220582-8586-4E9A-AA20-D085B97938ED}.Release|Any CPU.ActiveCfg = Release|Any CPU
		{45220582-8586-4E9A-AA20-D085B97938ED}.Release|Any CPU.Build.0 = Release|Any CPU
		{45220582-8586-4E9A-AA20-D085B97938ED}.Release|x64.ActiveCfg = Release|Any CPU
		{45220582-8586-4E9A-AA20-D085B97938ED}.Release|x64.Build.0 = Release|Any CPU
		{45220582-8586-4E9A-AA20-D085B97938ED}.Release|x86.ActiveCfg = Release|Any CPU
		{45220582-8586-4E9A-AA20-D085B97938ED}.Release|x86.Build.0 = Release|Any CPU
		{554F28F1-8C56-4877-B125-AF877B5F1A01}.Debug|Any CPU.ActiveCfg = Debug|Any CPU
		{554F28F1-8C56-4877-B125-AF877B5F1A01}.Debug|Any CPU.Build.0 = Debug|Any CPU
		{554F28F1-8C56-4877-B125-AF877B5F1A01}.Debug|x64.ActiveCfg = Debug|Any CPU
		{554F28F1-8C56-4877-B125-AF877B5F1A01}.Debug|x64.Build.0 = Debug|Any CPU
		{554F28F1-8C56-4877-B125-AF877B5F1A01}.Debug|x86.ActiveCfg = Debug|Any CPU
		{554F28F1-8C56-4877-B125-AF877B5F1A01}.Debug|x86.Build.0 = Debug|Any CPU
		{554F28F1-8C56-4877-B125-AF877B5F1A01}.Release|Any CPU.ActiveCfg = Release|Any CPU
		{554F28F1-8C56-4877-B125-AF877B5F1A01}.Release|Any CPU.Build.0 = Release|Any CPU
		{554F28F1-8C56-4877-B125-AF877B5F1A01}.Release|x64.ActiveCfg = Release|Any CPU
		{554F28F1-8C56-4877-B125-AF877B5F1A01}.Release|x64.Build.0 = Release|Any CPU
		{554F28F1-8C56-4877-B125-AF877B5F1A01}.Release|x86.ActiveCfg = Release|Any CPU
		{554F28F1-8C56-4877-B125-AF877B5F1A01}.Release|x86.Build.0 = Release|Any CPU
		{EE454065-4619-4F46-AF7A-E31D4A109EE0}.Debug|Any CPU.ActiveCfg = Debug|Any CPU
		{EE454065-4619-4F46-AF7A-E31D4A109EE0}.Debug|Any CPU.Build.0 = Debug|Any CPU
		{EE454065-4619-4F46-AF7A-E31D4A109EE0}.Debug|x64.ActiveCfg = Debug|Any CPU
		{EE454065-4619-4F46-AF7A-E31D4A109EE0}.Debug|x64.Build.0 = Debug|Any CPU
		{EE454065-4619-4F46-AF7A-E31D4A109EE0}.Debug|x86.ActiveCfg = Debug|Any CPU
		{EE454065-4619-4F46-AF7A-E31D4A109EE0}.Debug|x86.Build.0 = Debug|Any CPU
		{EE454065-4619-4F46-AF7A-E31D4A109EE0}.Release|Any CPU.ActiveCfg = Release|Any CPU
		{EE454065-4619-4F46-AF7A-E31D4A109EE0}.Release|Any CPU.Build.0 = Release|Any CPU
		{EE454065-4619-4F46-AF7A-E31D4A109EE0}.Release|x64.ActiveCfg = Release|Any CPU
		{EE454065-4619-4F46-AF7A-E31D4A109EE0}.Release|x64.Build.0 = Release|Any CPU
		{EE454065-4619-4F46-AF7A-E31D4A109EE0}.Release|x86.ActiveCfg = Release|Any CPU
		{EE454065-4619-4F46-AF7A-E31D4A109EE0}.Release|x86.Build.0 = Release|Any CPU
	EndGlobalSection
	GlobalSection(SolutionProperties) = preSolution
		HideSolutionNode = FALSE
	EndGlobalSection
	GlobalSection(NestedProjects) = preSolution
		{6DF8B71D-C0ED-493D-8E22-09277E2C8BD0} = {4FC8F133-AA90-9591-D5C2-18CD0551665A}
		{771EB554-E030-4FBA-9761-348FC6EF4DA8} = {6273515A-26E4-3FE3-FF0C-A77E78A468ED}
		{D52C01F6-1C7F-45A5-8553-CEADDA82B7DD} = {6273515A-26E4-3FE3-FF0C-A77E78A468ED}
		{158A22EB-50AC-45F4-A2D4-EEA64F42ACD3} = {6273515A-26E4-3FE3-FF0C-A77E78A468ED}
		{244D5CCD-68BE-4656-88E5-379BE42F7363} = {63C0BDB7-2FA0-60D9-5348-55658A1D3BAE}
		{AE4986B2-A437-4714-BBC6-7F91015009C8} = {63C0BDB7-2FA0-60D9-5348-55658A1D3BAE}
		{C09A3037-3A41-4874-A61D-666CE93F8519} = {63C0BDB7-2FA0-60D9-5348-55658A1D3BAE}
		{52E3D8CB-DF1A-407F-ACCD-5B1657852F91} = {E6E0BBAD-9966-6DCF-76A1-18776838FFD6}
		{79EE457D-E4E2-442C-A506-C2C1AD7FFF05} = {E6E0BBAD-9966-6DCF-76A1-18776838FFD6}
		{61298EC7-2BA2-40D8-B625-8FEBADC89304} = {E6E0BBAD-9966-6DCF-76A1-18776838FFD6}
		{609E01CB-FFF3-4829-82F4-C389C247DA06} = {CE7CC27F-EF84-FABB-4972-3DE5EBD94BB8}
		{DD007CE0-4831-498D-8536-AE8029DDF724} = {CE7CC27F-EF84-FABB-4972-3DE5EBD94BB8}
		{1D41F34E-ECE2-47BB-B45C-DA13921A00E3} = {CE7CC27F-EF84-FABB-4972-3DE5EBD94BB8}
		{B74C67D4-43CD-4C95-BCAC-741D35E6D728} = {7E3B463F-4C55-B4D7-FA79-ADF7D77E220F}
		{2F77616A-96B3-4510-AF3F-8716E6184E92} = {7E3B463F-4C55-B4D7-FA79-ADF7D77E220F}
		{62442054-9E18-4AB6-A6CA-D656C54F7CD0} = {7E3B463F-4C55-B4D7-FA79-ADF7D77E220F}
		{F32AB313-683D-4AF2-A178-9F46F6432181} = {5CFF49CB-FCFC-C39D-208B-9FED4CEE9D0D}
		{C790436A-FC44-4B0F-9E00-C1CEE954CA2A} = {5CFF49CB-FCFC-C39D-208B-9FED4CEE9D0D}
		{4A6C5155-F5D1-4AE2-AE3E-36EB7D4CFAD8} = {5CFF49CB-FCFC-C39D-208B-9FED4CEE9D0D}
		{45220582-8586-4E9A-AA20-D085B97938ED} = {A7C7ECE4-FF3C-2219-3664-0159FBFFC04A}
		{554F28F1-8C56-4877-B125-AF877B5F1A01} = {A7C7ECE4-FF3C-2219-3664-0159FBFFC04A}
		{EE454065-4619-4F46-AF7A-E31D4A109EE0} = {A7C7ECE4-FF3C-2219-3664-0159FBFFC04A}
	EndGlobalSection
	GlobalSection(ExtensibilityGlobals) = postSolution
		SolutionGuid = {379F8DE8-821F-4FAA-8D2C-B8BD4A3A780B}
	EndGlobalSection
EndGlobal
